
Microsoft Visual Studio Solution File, Format Version 12.00
# Visual Studio Version 17
VisualStudioVersion = 17.10.35013.160
MinimumVisualStudioVersion = 10.0.40219.1
Project("{FAE04EC0-301F-11D3-BF4B-00C04F79EFBC}") = "CPRG211Final", "CPRG211Final.csproj", "{4EF68723-6272-461B-84E2-9843B166CBDD}"
EndProject
Global
	GlobalSection(SolutionConfigurationPlatforms) = preSolution
		Debug|Any CPU = Debug|Any CPU
		Release|Any CPU = Release|Any CPU
	EndGlobalSection
	GlobalSection(ProjectConfigurationPlatforms) = postSolution
		{4EF68723-6272-461B-84E2-9843B166CBDD}.Debug|Any CPU.ActiveCfg = Debug|Any CPU
		{4EF68723-6272-461B-84E2-9843B166CBDD}.Debug|Any CPU.Build.0 = Debug|Any CPU
		{4EF68723-6272-461B-84E2-9843B166CBDD}.Release|Any CPU.ActiveCfg = Release|Any CPU
		{4EF68723-6272-461B-84E2-9843B166CBDD}.Release|Any CPU.Build.0 = Release|Any CPU
	EndGlobalSection
	GlobalSection(SolutionProperties) = preSolution
		HideSolutionNode = FALSE
	EndGlobalSection
	GlobalSection(ExtensibilityGlobals) = postSolution
		SolutionGuid = {241006E9-5D41-4A57-BBE1-D49D37924E28}
	EndGlobalSection
EndGlobal
